{
  "name": "right-track-agency-template",
  "version": "0.0.1",
  "lockfileVersion": 1,
  "requires": true,
  "dependencies": {
    "deepmerge": {
      "version": "2.0.0",
      "resolved": "https://registry.npmjs.org/deepmerge/-/deepmerge-2.0.0.tgz",
      "integrity": "sha512-YiTeIE16rJ/BCCbWYueeQoKkhoolGHqynDZmB03gPqMt6y3duJG6+po7zdMm7UK5o3njDm4Yyuqr4082G4M4Zw=="
    }
  }
}
